
Microsoft Visual Studio Solution File, Format Version 12.00
# Visual Studio 15
VisualStudioVersion = 15.0.28307.421
MinimumVisualStudioVersion = 10.0.40219.1
Project("{FAE04EC0-301F-11D3-BF4B-00C04F79EFBC}") = "EIP712", "EIP712\EIP712.csproj", "{1D26D7A7-97B6-4F68-8FC2-66D466A9CFA3}"
EndProject
Global
	GlobalSection(SolutionConfigurationPlatforms) = preSolution
		Debug|Any CPU = Debug|Any CPU
		Release|Any CPU = Release|Any CPU
	EndGlobalSection
	GlobalSection(ProjectConfigurationPlatforms) = postSolution
		{1D26D7A7-97B6-4F68-8FC2-66D466A9CFA3}.Debug|Any CPU.ActiveCfg = Debug|Any CPU
		{1D26D7A7-97B6-4F68-8FC2-66D466A9CFA3}.Debug|Any CPU.Build.0 = Debug|Any CPU
		{1D26D7A7-97B6-4F68-8FC2-66D466A9CFA3}.Release|Any CPU.ActiveCfg = Release|Any CPU
		{1D26D7A7-97B6-4F68-8FC2-66D466A9CFA3}.Release|Any CPU.Build.0 = Release|Any CPU
	EndGlobalSection
	GlobalSection(SolutionProperties) = preSolution
		HideSolutionNode = FALSE
	EndGlobalSection
	GlobalSection(ExtensibilityGlobals) = postSolution
		SolutionGuid = {E0A15B57-E334-4F50-96DF-D40B5E80DC72}
	EndGlobalSection
EndGlobal
